
Microsoft Visual Studio Solution File, Format Version 12.00
# Visual Studio 15
VisualStudioVersion = 15.0.28307.421
MinimumVisualStudioVersion = 10.0.40219.1
Project("{FAE04EC0-301F-11D3-BF4B-00C04F79EFBC}") = "InfoUASD.Models", "InfoUASD.Models\InfoUASD.Models.csproj", "{D59C00DD-8198-42AB-B302-632D9AF6C28B}"
EndProject
Project("{FAE04EC0-301F-11D3-BF4B-00C04F79EFBC}") = "InfoUASD.Web", "InfoUASD.Web\InfoUASD.Web.csproj", "{6BEA1A50-1DE5-4C8A-8929-D91BB31ECD47}"
EndProject
Global
	GlobalSection(SolutionConfigurationPlatforms) = preSolution
		Debug|Any CPU = Debug|Any CPU
		Release|Any CPU = Release|Any CPU
	EndGlobalSection
	GlobalSection(ProjectConfigurationPlatforms) = postSolution
		{D59C00DD-8198-42AB-B302-632D9AF6C28B}.Debug|Any CPU.ActiveCfg = Debug|Any CPU
		{D59C00DD-8198-42AB-B302-632D9AF6C28B}.Debug|Any CPU.Build.0 = Debug|Any CPU
		{D59C00DD-8198-42AB-B302-632D9AF6C28B}.Release|Any CPU.ActiveCfg = Release|Any CPU
		{D59C00DD-8198-42AB-B302-632D9AF6C28B}.Release|Any CPU.Build.0 = Release|Any CPU
		{6BEA1A50-1DE5-4C8A-8929-D91BB31ECD47}.Debug|Any CPU.ActiveCfg = Debug|Any CPU
		{6BEA1A50-1DE5-4C8A-8929-D91BB31ECD47}.Debug|Any CPU.Build.0 = Debug|Any CPU
		{6BEA1A50-1DE5-4C8A-8929-D91BB31ECD47}.Release|Any CPU.ActiveCfg = Release|Any CPU
		{6BEA1A50-1DE5-4C8A-8929-D91BB31ECD47}.Release|Any CPU.Build.0 = Release|Any CPU
	EndGlobalSection
	GlobalSection(SolutionProperties) = preSolution
		HideSolutionNode = FALSE
	EndGlobalSection
	GlobalSection(ExtensibilityGlobals) = postSolution
		SolutionGuid = {9FDAA30B-3ECF-4D24-A7A2-42B3968BE3FF}
	EndGlobalSection
EndGlobal
